
Microsoft Visual Studio Solution File, Format Version 12.00
# Visual Studio Version 17
VisualStudioVersion = 17.1.32228.430
MinimumVisualStudioVersion = 10.0.40219.1
Project("{FAE04EC0-301F-11D3-BF4B-00C04F79EFBC}") = "Algoritmos", "Algoritmos\Algoritmos.csproj", "{754984BF-562D-4A50-9CB7-9841C8D4E41A}"
EndProject
Global
	GlobalSection(SolutionConfigurationPlatforms) = preSolution
		Debug|Any CPU = Debug|Any CPU
		Release|Any CPU = Release|Any CPU
	EndGlobalSection
	GlobalSection(ProjectConfigurationPlatforms) = postSolution
		{754984BF-562D-4A50-9CB7-9841C8D4E41A}.Debug|Any CPU.ActiveCfg = Debug|Any CPU
		{754984BF-562D-4A50-9CB7-9841C8D4E41A}.Debug|Any CPU.Build.0 = Debug|Any CPU
		{754984BF-562D-4A50-9CB7-9841C8D4E41A}.Release|Any CPU.ActiveCfg = Release|Any CPU
		{754984BF-562D-4A50-9CB7-9841C8D4E41A}.Release|Any CPU.Build.0 = Release|Any CPU
	EndGlobalSection
	GlobalSection(SolutionProperties) = preSolution
		HideSolutionNode = FALSE
	EndGlobalSection
	GlobalSection(ExtensibilityGlobals) = postSolution
		SolutionGuid = {A07B3DBD-CB5D-4B1F-BE0C-0724DC1D1ECD}
	EndGlobalSection
EndGlobal
